
Microsoft Visual Studio Solution File, Format Version 12.00
# Visual Studio Version 17
VisualStudioVersion = 17.10.35013.160
MinimumVisualStudioVersion = 10.0.40219.1
Project("{FAE04EC0-301F-11D3-BF4B-00C04F79EFBC}") = "Lista02", "Lista02\Lista02.csproj", "{17B5C145-241C-43D0-931B-F79A74D7E126}"
EndProject
Global
	GlobalSection(SolutionConfigurationPlatforms) = preSolution
		Debug|Any CPU = Debug|Any CPU
		Release|Any CPU = Release|Any CPU
	EndGlobalSection
	GlobalSection(ProjectConfigurationPlatforms) = postSolution
		{17B5C145-241C-43D0-931B-F79A74D7E126}.Debug|Any CPU.ActiveCfg = Debug|Any CPU
		{17B5C145-241C-43D0-931B-F79A74D7E126}.Debug|Any CPU.Build.0 = Debug|Any CPU
		{17B5C145-241C-43D0-931B-F79A74D7E126}.Release|Any CPU.ActiveCfg = Release|Any CPU
		{17B5C145-241C-43D0-931B-F79A74D7E126}.Release|Any CPU.Build.0 = Release|Any CPU
	EndGlobalSection
	GlobalSection(SolutionProperties) = preSolution
		HideSolutionNode = FALSE
	EndGlobalSection
	GlobalSection(ExtensibilityGlobals) = postSolution
		SolutionGuid = {1DE722BE-0919-41DE-B749-66E925A163DB}
	EndGlobalSection
EndGlobal
